
Microsoft Visual Studio Solution File, Format Version 12.00
# Visual Studio Version 17
VisualStudioVersion = 17.12.35527.113
MinimumVisualStudioVersion = 10.0.40219.1
Project("{FAE04EC0-301F-11D3-BF4B-00C04F79EFBC}") = "CodePulse.API", "CodePulse.API\CodePulse.API.csproj", "{867549C6-C0EB-4051-8FC7-73589A5B5AE8}"
EndProject
Project("{FAE04EC0-301F-11D3-BF4B-00C04F79EFBC}") = "CodePulse.Application", "CodePulse.Application\CodePulse.Application.csproj", "{CB5088FA-8495-4908-8B84-4262F9EA82D4}"
EndProject
Project("{FAE04EC0-301F-11D3-BF4B-00C04F79EFBC}") = "CodePulse.Domain", "CodePulse.Domain\CodePulse.Domain.csproj", "{815B4233-B3C3-4C7B-8257-80E634FCE92F}"
EndProject
Project("{FAE04EC0-301F-11D3-BF4B-00C04F79EFBC}") = "CodePulse.Infrastructure", "CodePulse.Infrastructure\CodePulse.Infrastructure.csproj", "{65EBDC49-1E3D-4D9A-864F-CA7777AAE2E8}"
EndProject
Global
	GlobalSection(SolutionConfigurationPlatforms) = preSolution
		Debug|Any CPU = Debug|Any CPU
		Release|Any CPU = Release|Any CPU
	EndGlobalSection
	GlobalSection(ProjectConfigurationPlatforms) = postSolution
		{867549C6-C0EB-4051-8FC7-73589A5B5AE8}.Debug|Any CPU.ActiveCfg = Debug|Any CPU
		{867549C6-C0EB-4051-8FC7-73589A5B5AE8}.Debug|Any CPU.Build.0 = Debug|Any CPU
		{867549C6-C0EB-4051-8FC7-73589A5B5AE8}.Release|Any CPU.ActiveCfg = Release|Any CPU
		{867549C6-C0EB-4051-8FC7-73589A5B5AE8}.Release|Any CPU.Build.0 = Release|Any CPU
		{CB5088FA-8495-4908-8B84-4262F9EA82D4}.Debug|Any CPU.ActiveCfg = Debug|Any CPU
		{CB5088FA-8495-4908-8B84-4262F9EA82D4}.Debug|Any CPU.Build.0 = Debug|Any CPU
		{CB5088FA-8495-4908-8B84-4262F9EA82D4}.Release|Any CPU.ActiveCfg = Release|Any CPU
		{CB5088FA-8495-4908-8B84-4262F9EA82D4}.Release|Any CPU.Build.0 = Release|Any CPU
		{815B4233-B3C3-4C7B-8257-80E634FCE92F}.Debug|Any CPU.ActiveCfg = Debug|Any CPU
		{815B4233-B3C3-4C7B-8257-80E634FCE92F}.Debug|Any CPU.Build.0 = Debug|Any CPU
		{815B4233-B3C3-4C7B-8257-80E634FCE92F}.Release|Any CPU.ActiveCfg = Release|Any CPU
		{815B4233-B3C3-4C7B-8257-80E634FCE92F}.Release|Any CPU.Build.0 = Release|Any CPU
		{65EBDC49-1E3D-4D9A-864F-CA7777AAE2E8}.Debug|Any CPU.ActiveCfg = Debug|Any CPU
		{65EBDC49-1E3D-4D9A-864F-CA7777AAE2E8}.Debug|Any CPU.Build.0 = Debug|Any CPU
		{65EBDC49-1E3D-4D9A-864F-CA7777AAE2E8}.Release|Any CPU.ActiveCfg = Release|Any CPU
		{65EBDC49-1E3D-4D9A-864F-CA7777AAE2E8}.Release|Any CPU.Build.0 = Release|Any CPU
	EndGlobalSection
	GlobalSection(SolutionProperties) = preSolution
		HideSolutionNode = FALSE
	EndGlobalSection
EndGlobal
